// !$*UTF8*$!
{
	archiveVersion = 1;
	classes = {
	};
	objectVersion = 50;
	objects = {

/* Begin PBXBuildFile section */
		185AE0D220E5055300DD1E4D /* AppDelegate.swift in Sources */ = {isa = PBXBuildFile; fileRef = 185AE0D120E5055300DD1E4D /* AppDelegate.swift */; };
		185AE0D420E5055300DD1E4D /* FaceDetectorVC.swift in Sources */ = {isa = PBXBuildFile; fileRef = 185AE0D320E5055300DD1E4D /* FaceDetectorVC.swift */; };
		185AE0D920E5055400DD1E4D /* Assets.xcassets in Resources */ = {isa = PBXBuildFile; fileRef = 185AE0D820E5055400DD1E4D /* Assets.xcassets */; };
		185AE0DC20E5055400DD1E4D /* LaunchScreen.storyboard in Resources */ = {isa = PBXBuildFile; fileRef = 185AE0DA20E5055400DD1E4D /* LaunchScreen.storyboard */; };
		18FC95F220E610FB0077CD3E /* GPUImage.framework in Frameworks */ = {isa = PBXBuildFile; fileRef = 18FC95EF20E610810077CD3E /* GPUImage.framework */; };
		18FC95F320E610FB0077CD3E /* GPUImage.framework in Embed Frameworks */ = {isa = PBXBuildFile; fileRef = 18FC95EF20E610810077CD3E /* GPUImage.framework */; settings = {ATTRIBUTES = (CodeSignOnCopy, RemoveHeadersOnCopy, ); }; };
/* End PBXBuildFile section */

/* Begin PBXContainerItemProxy section */
		18FC95EE20E610810077CD3E /* PBXContainerItemProxy */ = {
			isa = PBXContainerItemProxy;
			containerPortal = 18FC95E320E610810077CD3E /* GPUImage.xcodeproj */;
			proxyType = 2;
			remoteGlobalIDString = BC9E34E91E524A2200B8604F;
			remoteInfo = GPUImage_iOS;
		};
		18FC95F020E610810077CD3E /* PBXContainerItemProxy */ = {
			isa = PBXContainerItemProxy;
			containerPortal = 18FC95E320E610810077CD3E /* GPUImage.xcodeproj */;
			proxyType = 2;
			remoteGlobalIDString = BC9E34F11E524A2200B8604F;
			remoteInfo = GPUImageTests_iOS;
		};
		18FC95F420E610FB0077CD3E /* PBXContainerItemProxy */ = {
			isa = PBXContainerItemProxy;
			containerPortal = 18FC95E320E610810077CD3E /* GPUImage.xcodeproj */;
			proxyType = 1;
			remoteGlobalIDString = BC9E34E81E524A2200B8604F;
			remoteInfo = GPUImage_iOS;
		};
/* End PBXContainerItemProxy section */

/* Begin PBXCopyFilesBuildPhase section */
		18FC95F620E610FB0077CD3E /* Embed Frameworks */ = {
			isa = PBXCopyFilesBuildPhase;
			buildActionMask = 2147483647;
			dstPath = "";
			dstSubfolderSpec = 10;
			files = (
				18FC95F320E610FB0077CD3E /* GPUImage.framework in Embed Frameworks */,
			);
			name = "Embed Frameworks";
			runOnlyForDeploymentPostprocessing = 0;
		};
/* End PBXCopyFilesBuildPhase section */

/* Begin PBXFileReference section */
		185AE0CE20E5055300DD1E4D /* Project_FaceDetector.app */ = {isa = PBXFileReference; explicitFileType = wrapper.application; includeInIndex = 0; path = Project_FaceDetector.app; sourceTree = BUILT_PRODUCTS_DIR; };
		185AE0D120E5055300DD1E4D /* AppDelegate.swift */ = {isa = PBXFileReference; lastKnownFileType = sourcecode.swift; path = AppDelegate.swift; sourceTree = "<group>"; };
		185AE0D320E5055300DD1E4D /* FaceDetectorVC.swift */ = {isa = PBXFileReference; lastKnownFileType = sourcecode.swift; path = FaceDetectorVC.swift; sourceTree = "<group>"; };
		185AE0D820E5055400DD1E4D /* Assets.xcassets */ = {isa = PBXFileReference; lastKnownFileType = folder.assetcatalog; path = Assets.xcassets; sourceTree = "<group>"; };
		185AE0DB20E5055400DD1E4D /* Base */ = {isa = PBXFileReference; lastKnownFileType = file.storyboard; name = Base; path = Base.lproj/LaunchScreen.storyboard; sourceTree = "<group>"; };
		185AE0DD20E5055400DD1E4D /* Info.plist */ = {isa = PBXFileReference; lastKnownFileType = text.plist.xml; path = Info.plist; sourceTree = "<group>"; };
		18FC95E320E610810077CD3E /* GPUImage.xcodeproj */ = {isa = PBXFileReference; lastKnownFileType = "wrapper.pb-project"; name = GPUImage.xcodeproj; path = framework/GPUImage.xcodeproj; sourceTree = SOURCE_ROOT; };
/* End PBXFileReference section */

/* Begin PBXFrameworksBuildPhase section */
		185AE0CB20E5055300DD1E4D /* Frameworks */ = {
			isa = PBXFrameworksBuildPhase;
			buildActionMask = 2147483647;
			files = (
				18FC95F220E610FB0077CD3E /* GPUImage.framework in Frameworks */,
			);
			runOnlyForDeploymentPostprocessing = 0;
		};
/* End PBXFrameworksBuildPhase section */

/* Begin PBXGroup section */
		185AE0C520E5055300DD1E4D = {
			isa = PBXGroup;
			children = (
				185AE0D020E5055300DD1E4D /* Project_FaceDetector */,
				185AE0CF20E5055300DD1E4D /* Products */,
			);
			sourceTree = "<group>";
		};
		185AE0CF20E5055300DD1E4D /* Products */ = {
			isa = PBXGroup;
			children = (
				185AE0CE20E5055300DD1E4D /* Project_FaceDetector.app */,
			);
			name = Products;
			sourceTree = "<group>";
		};
		185AE0D020E5055300DD1E4D /* Project_FaceDetector */ = {
			isa = PBXGroup;
			children = (
				18FC95E320E610810077CD3E /* GPUImage.xcodeproj */,
				185AE0D120E5055300DD1E4D /* AppDelegate.swift */,
				185AE0D320E5055300DD1E4D /* FaceDetectorVC.swift */,
				185AE0D820E5055400DD1E4D /* Assets.xcassets */,
				185AE0DA20E5055400DD1E4D /* LaunchScreen.storyboard */,
				185AE0DD20E5055400DD1E4D /* Info.plist */,
			);
			path = Project_FaceDetector;
			sourceTree = "<group>";
		};
		18FC95E420E610810077CD3E /* Products */ = {
			isa = PBXGroup;
			children = (
				18FC95EF20E610810077CD3E /* GPUImage.framework */,
				18FC95F120E610810077CD3E /* GPUImageTests_iOS.xctest */,
			);
			name = Products;
			sourceTree = "<group>";
		};
/* End PBXGroup section */

/* Begin PBXNativeTarget section */
		185AE0CD20E5055300DD1E4D /* Project_FaceDetector */ = {
			isa = PBXNativeTarget;
			buildConfigurationList = 185AE0E020E5055400DD1E4D /* Build configuration list for PBXNativeTarget "Project_FaceDetector" */;
			buildPhases = (
				185AE0CA20E5055300DD1E4D /* Sources */,
				185AE0CB20E5055300DD1E4D /* Frameworks */,
				185AE0CC20E5055300DD1E4D /* Resources */,
				18FC95F620E610FB0077CD3E /* Embed Frameworks */,
			);
			buildRules = (
			);
			dependencies = (
				18FC95F520E610FB0077CD3E /* PBXTargetDependency */,
			);
			name = Project_FaceDetector;
			productName = Project_FaceDetector;
			productReference = 185AE0CE20E5055300DD1E4D /* Project_FaceDetector.app */;
			productType = "com.apple.product-type.application";
		};
/* End PBXNativeTarget section */

/* Begin PBXProject section */
		185AE0C620E5055300DD1E4D /* Project object */ = {
			isa = PBXProject;
			attributes = {
				LastSwiftUpdateCheck = 0940;
				LastUpgradeCheck = 0940;
				ORGANIZATIONNAME = Genisys;
				TargetAttributes = {
					185AE0CD20E5055300DD1E4D = {
						CreatedOnToolsVersion = 9.4;
					};
				};
			};
			buildConfigurationList = 185AE0C920E5055300DD1E4D /* Build configuration list for PBXProject "Project_FaceDetector" */;
			compatibilityVersion = "Xcode 9.3";
			developmentRegion = en;
			hasScannedForEncodings = 0;
			knownRegions = (
				en,
				Base,
			);
			mainGroup = 185AE0C520E5055300DD1E4D;
			productRefGroup = 185AE0CF20E5055300DD1E4D /* Products */;
			projectDirPath = "";
			projectReferences = (
				{
					ProductGroup = 18FC95E420E610810077CD3E /* Products */;
					ProjectRef = 18FC95E320E610810077CD3E /* GPUImage.xcodeproj */;
				},
			);
			projectRoot = "";
			targets = (
				185AE0CD20E5055300DD1E4D /* Project_FaceDetector */,
			);
		};
/* End PBXProject section */

/* Begin PBXReferenceProxy section */
		18FC95EF20E610810077CD3E /* GPUImage.framework */ = {
			isa = PBXReferenceProxy;
			fileType = wrapper.framework;
			path = GPUImage.framework;
			remoteRef = 18FC95EE20E610810077CD3E /* PBXContainerItemProxy */;
			sourceTree = BUILT_PRODUCTS_DIR;
		};
		18FC95F120E610810077CD3E /* GPUImageTests_iOS.xctest */ = {
			isa = PBXReferenceProxy;
			fileType = wrapper.cfbundle;
			path = GPUImageTests_iOS.xctest;
			remoteRef = 18FC95F020E610810077CD3E /* PBXContainerItemProxy */;
			sourceTree = BUILT_PRODUCTS_DIR;
		};
/* End PBXReferenceProxy section */

/* Begin PBXResourcesBuildPhase section */
		185AE0CC20E5055300DD1E4D /* Resources */ = {
			isa = PBXResourcesBuildPhase;
			buildActionMask = 2147483647;
			files = (
				185AE0DC20E5055400DD1E4D /* LaunchScreen.storyboard in Resources */,
				185AE0D920E5055400DD1E4D /* Assets.xcassets in Resources */,
			);
			runOnlyForDeploymentPostprocessing = 0;
		};
/* End PBXResourcesBuildPhase section */

/* Begin PBXSourcesBuildPhase section */
		185AE0CA20E5055300DD1E4D /* Sources */ = {
			isa = PBXSourcesBuildPhase;
			buildActionMask = 2147483647;
			files = (
				185AE0D420E5055300DD1E4D /* FaceDetectorVC.swift in Sources */,
				185AE0D220E5055300DD1E4D /* AppDelegate.swift in Sources */,
			);
			runOnlyForDeploymentPostprocessing = 0;
		};
/* End PBXSourcesBuildPhase section */

/* Begin PBXTargetDependency section */
		18FC95F520E610FB0077CD3E /* PBXTargetDependency */ = {
			isa = PBXTargetDependency;
			name = GPUImage_iOS;
			targetProxy = 18FC95F420E610FB0077CD3E /* PBXContainerItemProxy */;
		};
/* End PBXTargetDependency section */

/* Begin PBXVariantGroup section */
		185AE0DA20E5055400DD1E4D /* LaunchScreen.storyboard */ = {
			isa = PBXVariantGroup;
			children = (
				185AE0DB20E5055400DD1E4D /* Base */,
			);
			name = LaunchScreen.storyboard;
			sourceTree = "<group>";
		};
/* End PBXVariantGroup section */

/* Begin XCBuildConfiguration section */
		185AE0DE20E5055400DD1E4D /* Debug */ = {
			isa = XCBuildConfiguration;
			buildSettings = {
				ALWAYS_SEARCH_USER_PATHS = NO;
				CLANG_ANALYZER_NONNULL = YES;
				CLANG_ANALYZER_NUMBER_OBJECT_CONVERSION = YES_AGGRESSIVE;
				CLANG_CXX_LANGUAGE_STANDARD = "gnu++14";
				CLANG_CXX_LIBRARY = "libc++";
				CLANG_ENABLE_MODULES = YES;
				CLANG_ENABLE_OBJC_ARC = YES;
				CLANG_ENABLE_OBJC_WEAK = YES;
				CLANG_WARN_BLOCK_CAPTURE_AUTORELEASING = YES;
				CLANG_WARN_BOOL_CONVERSION = YES;
				CLANG_WARN_COMMA = YES;
				CLANG_WARN_CONSTANT_CONVERSION = YES;
				CLANG_WARN_DEPRECATED_OBJC_IMPLEMENTATIONS = YES;
				CLANG_WARN_DIRECT_OBJC_ISA_USAGE = YES_ERROR;
				CLANG_WARN_DOCUMENTATION_COMMENTS = YES;
				CLANG_WARN_EMPTY_BODY = YES;
				CLANG_WARN_ENUM_CONVERSION = YES;
				CLANG_WARN_INFINITE_RECURSION = YES;
				CLANG_WARN_INT_CONVERSION = YES;
				CLANG_WARN_NON_LITERAL_NULL_CONVERSION = YES;
				CLANG_WARN_OBJC_IMPLICIT_RETAIN_SELF = YES;
				CLANG_WARN_OBJC_LITERAL_CONVERSION = YES;
				CLANG_WARN_OBJC_ROOT_CLASS = YES_ERROR;
				CLANG_WARN_RANGE_LOOP_ANALYSIS = YES;
				CLANG_WARN_STRICT_PROTOTYPES = YES;
				CLANG_WARN_SUSPICIOUS_MOVE = YES;
				CLANG_WARN_UNGUARDED_AVAILABILITY = YES_AGGRESSIVE;
				CLANG_WARN_UNREACHABLE_CODE = YES;
				CLANG_WARN__DUPLICATE_METHOD_MATCH = YES;
				CODE_SIGN_IDENTITY = "iPhone Developer";
				COPY_PHASE_STRIP = NO;
				DEBUG_INFORMATION_FORMAT = dwarf;
				ENABLE_STRICT_OBJC_MSGSEND = YES;
				ENABLE_TESTABILITY = YES;
				GCC_C_LANGUAGE_STANDARD = gnu11;
				GCC_DYNAMIC_NO_PIC = NO;
				GCC_NO_COMMON_BLOCKS = YES;
				GCC_OPTIMIZATION_LEVEL = 0;
				GCC_PREPROCESSOR_DEFINITIONS = (
					"DEBUG=1",
					"$(inherited)",
				);
				GCC_WARN_64_TO_32_BIT_CONVERSION = YES;
				GCC_WARN_ABOUT_RETURN_TYPE = YES_ERROR;
				GCC_WARN_UNDECLARED_SELECTOR = YES;
				GCC_WARN_UNINITIALIZED_AUTOS = YES_AGGRESSIVE;
				GCC_WARN_UNUSED_FUNCTION = YES;
				GCC_WARN_UNUSED_VARIABLE = YES;
				IPHONEOS_DEPLOYMENT_TARGET = 10.2;
				MTL_ENABLE_DEBUG_INFO = YES;
				ONLY_ACTIVE_ARCH = YES;
				SDKROOT = iphoneos;
				SWIFT_ACTIVE_COMPILATION_CONDITIONS = DEBUG;
				SWIFT_OPTIMIZATION_LEVEL = "-Onone";
			};
			name = Debug;
		};
		185AE0DF20E5055400DD1E4D /* Release */ = {
			isa = XCBuildConfiguration;
			buildSettings = {
				ALWAYS_SEARCH_USER_PATHS = NO;
				CLANG_ANALYZER_NONNULL = YES;
				CLANG_ANALYZER_NUMBER_OBJECT_CONVERSION = YES_AGGRESSIVE;
				CLANG_CXX_LANGUAGE_STANDARD = "gnu++14";
				CLANG_CXX_LIBRARY = "libc++";
				CLANG_ENABLE_MODULES = YES;
				CLANG_ENABLE_OBJC_ARC = YES;
				CLANG_ENABLE_OBJC_WEAK = YES;
				CLANG_WARN_BLOCK_CAPTURE_AUTORELEASING = YES;
				CLANG_WARN_BOOL_CONVERSION = YES;
				CLANG_WARN_COMMA = YES;
				CLANG_WARN_CONSTANT_CONVERSION = YES;
				CLANG_WARN_DEPRECATED_OBJC_IMPLEMENTATIONS = YES;
				CLANG_WARN_DIRECT_OBJC_ISA_USAGE = YES_ERROR;
				CLANG_WARN_DOCUMENTATION_COMMENTS = YES;
				CLANG_WARN_EMPTY_BODY = YES;
				CLANG_WARN_ENUM_CONVERSION = YES;
				CLANG_WARN_INFINITE_RECURSION = YES;
				CLANG_WARN_INT_CONVERSION = YES;
				CLANG_WARN_NON_LITERAL_NULL_CONVERSION = YES;
				CLANG_WARN_OBJC_IMPLICIT_RETAIN_SELF = YES;
				CLANG_WARN_OBJC_LITERAL_CONVERSION = YES;
				CLANG_WARN_OBJC_ROOT_CLASS = YES_ERROR;
				CLANG_WARN_RANGE_LOOP_ANALYSIS = YES;
				CLANG_WARN_STRICT_PROTOTYPES = YES;
				CLANG_WARN_SUSPICIOUS_MOVE = YES;
				CLANG_WARN_UNGUARDED_AVAILABILITY = YES_AGGRESSIVE;
				CLANG_WARN_UNREACHABLE_CODE = YES;
				CLANG_WARN__DUPLICATE_METHOD_MATCH = YES;
				CODE_SIGN_IDENTITY = "iPhone Developer";
				COPY_PHASE_STRIP = NO;
				DEBUG_INFORMATION_FORMAT = "dwarf-with-dsym";
				ENABLE_NS_ASSERTIONS = NO;
				ENABLE_STRICT_OBJC_MSGSEND = YES;
				GCC_C_LANGUAGE_STANDARD = gnu11;
				GCC_NO_COMMON_BLOCKS = YES;
				GCC_WARN_64_TO_32_BIT_CONVERSION = YES;
				GCC_WARN_ABOUT_RETURN_TYPE = YES_ERROR;
				GCC_WARN_UNDECLARED_SELECTOR = YES;
				GCC_WARN_UNINITIALIZED_AUTOS = YES_AGGRESSIVE;
				GCC_WARN_UNUSED_FUNCTION = YES;
				GCC_WARN_UNUSED_VARIABLE = YES;
				IPHONEOS_DEPLOYMENT_TARGET = 10.2;
				MTL_ENABLE_DEBUG_INFO = NO;
				SDKROOT = iphoneos;
				SWIFT_COMPILATION_MODE = wholemodule;
				SWIFT_OPTIMIZATION_LEVEL = "-O";
				VALIDATE_PRODUCT = YES;
			};
			name = Release;
		};
		185AE0E120E5055400DD1E4D /* Debug */ = {
			isa = XCBuildConfiguration;
			buildSettings = {
				ALWAYS_EMBED_SWIFT_STANDARD_LIBRARIES = YES;
				ASSETCATALOG_COMPILER_APPICON_NAME = AppIcon;
				CODE_SIGN_STYLE = Automatic;
				DEVELOPMENT_TEAM = F6998RP55G;
				INFOPLIST_FILE = Project_FaceDetector/Info.plist;
				IPHONEOS_DEPLOYMENT_TARGET = 10.2;
				LD_RUNPATH_SEARCH_PATHS = (
					"$(inherited)",
					"@executable_path/Frameworks",
				);
				PRODUCT_BUNDLE_IDENTIFIER = "com.Genisys.Project-FaceDetector";
				PRODUCT_NAME = "$(TARGET_NAME)";
				SWIFT_VERSION = 4.0;
				TARGETED_DEVICE_FAMILY = "1,2";
			};
			name = Debug;
		};
		185AE0E220E5055400DD1E4D /* Release */ = {
			isa = XCBuildConfiguration;
			buildSettings = {
				ALWAYS_EMBED_SWIFT_STANDARD_LIBRARIES = YES;
				ASSETCATALOG_COMPILER_APPICON_NAME = AppIcon;
				CODE_SIGN_STYLE = Automatic;
				DEVELOPMENT_TEAM = F6998RP55G;
				INFOPLIST_FILE = Project_FaceDetector/Info.plist;
				IPHONEOS_DEPLOYMENT_TARGET = 10.2;
				LD_RUNPATH_SEARCH_PATHS = (
					"$(inherited)",
					"@executable_path/Frameworks",
				);
				PRODUCT_BUNDLE_IDENTIFIER = "com.Genisys.Project-FaceDetector";
				PRODUCT_NAME = "$(TARGET_NAME)";
				SWIFT_VERSION = 4.0;
				TARGETED_DEVICE_FAMILY = "1,2";
			};
			name = Release;
		};
/* End XCBuildConfiguration section */

/* Begin XCConfigurationList section */
		185AE0C920E5055300DD1E4D /* Build configuration list for PBXProject "Project_FaceDetector" */ = {
			isa = XCConfigurationList;
			buildConfigurations = (
				185AE0DE20E5055400DD1E4D /* Debug */,
				185AE0DF20E5055400DD1E4D /* Release */,
			);
			defaultConfigurationIsVisible = 0;
			defaultConfigurationName = Release;
		};
		185AE0E020E5055400DD1E4D /* Build configuration list for PBXNativeTarget "Project_FaceDetector" */ = {
			isa = XCConfigurationList;
			buildConfigurations = (
				185AE0E120E5055400DD1E4D /* Debug */,
				185AE0E220E5055400DD1E4D /* Release */,
			);
			defaultConfigurationIsVisible = 0;
			defaultConfigurationName = Release;
		};
/* End XCConfigurationList section */
	};
	rootObject = 185AE0C620E5055300DD1E4D /* Project object */;
}
